<?xml version="1.0" encoding="utf-8"?>
<Project ToolsVersion="4.0" xmlns="http://schemas.microsoft.com/developer/msbuild/2003">
  <ItemGroup>
    <ClCompile Include="BinModel01.cpp">
      <Filter>Source Files</Filter>
    </ClCompile>
    <ClCompile Include="Example01.cpp">
      <Filter>Source Files</Filter>
    </ClCompile>
    <ClCompile Include="Example02.cpp">
      <Filter>Source Files</Filter>
    </ClCompile>
    <ClCompile Include="main01.cpp">
      <Filter>Source Files</Filter>
    </ClCompile>
    <ClCompile Include="main02.cpp">
      <Filter>Source Files</Filter>
    </ClCompile>
    <ClCompile Include="main03.cpp">
      <Filter>Source Files</Filter>
    </ClCompile>
    <ClCompile Include="main04.cpp">
      <Filter>Source Files</Filter>
    </ClCompile>
    <ClCompile Include="main05.cpp">
      <Filter>Source Files</Filter>
    </ClCompile>
    <ClCompile Include="main06.cpp">
      <Filter>Source Files</Filter>
    </ClCompile>
    <ClCompile Include="main07.cpp">
      <Filter>Source Files</Filter>
    </ClCompile>
    <ClCompile Include="Options01.cpp">
      <Filter>Source Files</Filter>
    </ClCompile>
    <ClCompile Include="Options02.cpp">
      <Filter>Source Files</Filter>
    </ClCompile>
    <ClCompile Include="Options03.cpp">
      <Filter>Source Files</Filter>
    </ClCompile>
  </ItemGroup>
  <ItemGroup>
    <ClInclude Include="BinModel01.h">
      <Filter>Header Files</Filter>
    </ClInclude>
    <ClInclude Include="Options01.h">
      <Filter>Header Files</Filter>
    </ClInclude>
    <ClInclude Include="Options02.h">
      <Filter>Header Files</Filter>
    </ClInclude>
    <ClInclude Include="Options03.h">
      <Filter>Header Files</Filter>
    </ClInclude>
  </ItemGroup>
  <ItemGroup>
    <Filter Include="Header Files">
      <UniqueIdentifier>{874824fd-d4a2-47cf-b209-930c4989345f}</UniqueIdentifier>
    </Filter>
    <Filter Include="Source Files">
      <UniqueIdentifier>{3179e511-1764-4148-b9f4-a213580f6c9e}</UniqueIdentifier>
    </Filter>
  </ItemGroup>
</Project>